PODS:
  - DialogView (0.2.0):
    - SnapKit (~> 3.0)
  - SnapKit (3.0.0)

DEPENDENCIES:
  - DialogView (from `../`)
  - SnapKit (~> 3.0)

EXTERNAL SOURCES:
  DialogView:
    :path: ../

SPEC CHECKSUMS:
  DialogView: 448410f7d30f60092bc62b98b072a61a8b80818f
  SnapKit: 98af0a4e9369d3c58f758967518081dbdc7eb1d9

PODFILE CHECKSUM: 56bad7dc7b58bee02e37a5b8dd070b76c0814759

COCOAPODS: 1.1.0.rc.2
